// !$*UTF8*$!
{
	archiveVersion = 1;
	classes = {
	};
	objectVersion = 50;
	objects = {

/* Begin PBXBuildFile section */
		67A6FD4122C4696E009AC9BC /* AppDelegate.swift in Sources */ = {isa = PBXBuildFile; fileRef = 67A6FD4022C4696E009AC9BC /* AppDelegate.swift */; };
		67A6FD4322C4696E009AC9BC /* LoginViewController.swift in Sources */ = {isa = PBXBuildFile; fileRef = 67A6FD4222C4696E009AC9BC /* LoginViewController.swift */; };
		67A6FD4622C4696E009AC9BC /* Main.storyboard in Resources */ = {isa = PBXBuildFile; fileRef = 67A6FD4422C4696E009AC9BC /* Main.storyboard */; };
		67A6FD4822C46972009AC9BC /* Assets.xcassets in Resources */ = {isa = PBXBuildFile; fileRef = 67A6FD4722C46972009AC9BC /* Assets.xcassets */; };
		67A6FD4B22C46972009AC9BC /* LaunchScreen.storyboard in Resources */ = {isa = PBXBuildFile; fileRef = 67A6FD4922C46972009AC9BC /* LaunchScreen.storyboard */; };
		67A6FD5522C47B79009AC9BC /* dataCenter.swift in Sources */ = {isa = PBXBuildFile; fileRef = 67A6FD5422C47B79009AC9BC /* dataCenter.swift */; };
		67A6FD5722C48397009AC9BC /* OpenClassViewController.swift in Sources */ = {isa = PBXBuildFile; fileRef = 67A6FD5622C48397009AC9BC /* OpenClassViewController.swift */; };
		67A6FD7522C4EEB6009AC9BC /* navigationViewController.swift in Sources */ = {isa = PBXBuildFile; fileRef = 67A6FD7422C4EEB6009AC9BC /* navigationViewController.swift */; };
		67A6FD7B22C4F1AE009AC9BC /* StudentInfoViewController.swift in Sources */ = {isa = PBXBuildFile; fileRef = 67A6FD7A22C4F1AE009AC9BC /* StudentInfoViewController.swift */; };
		67A6FD7D22C4F1F0009AC9BC /* AttendanceViewController.swift in Sources */ = {isa = PBXBuildFile; fileRef = 67A6FD7C22C4F1F0009AC9BC /* AttendanceViewController.swift */; };
		67A6FD7F22C4F20C009AC9BC /* AttendanceTableViewController.swift in Sources */ = {isa = PBXBuildFile; fileRef = 67A6FD7E22C4F20C009AC9BC /* AttendanceTableViewController.swift */; };
		67A6FD8122C4FF81009AC9BC /* ClassInfoViewController.swift in Sources */ = {isa = PBXBuildFile; fileRef = 67A6FD8022C4FF81009AC9BC /* ClassInfoViewController.swift */; };
		B1032A5BD393735F9BD88D22 /* Pods_Nepp_Students.framework in Frameworks */ = {isa = PBXBuildFile; fileRef = 915EE519B1ACA5E9EED58D48 /* Pods_Nepp_Students.framework */; };
/* End PBXBuildFile section */

/* Begin PBXFileReference section */
		1A2BC4D2D39D7EF6CD543691 /* Pods-Nepp_Students.release.xcconfig */ = {isa = PBXFileReference; includeInIndex = 1; lastKnownFileType = text.xcconfig; name = "Pods-Nepp_Students.release.xcconfig"; path = "Pods/Target Support Files/Pods-Nepp_Students/Pods-Nepp_Students.release.xcconfig"; sourceTree = "<group>"; };
		67A6FD3D22C4696E009AC9BC /* Nepp_Students.app */ = {isa = PBXFileReference; explicitFileType = wrapper.application; includeInIndex = 0; path = Nepp_Students.app; sourceTree = BUILT_PRODUCTS_DIR; };
		67A6FD4022C4696E009AC9BC /* AppDelegate.swift */ = {isa = PBXFileReference; lastKnownFileType = sourcecode.swift; path = AppDelegate.swift; sourceTree = "<group>"; };
		67A6FD4222C4696E009AC9BC /* LoginViewController.swift */ = {isa = PBXFileReference; lastKnownFileType = sourcecode.swift; path = LoginViewController.swift; sourceTree = "<group>"; };
		67A6FD4522C4696E009AC9BC /* Base */ = {isa = PBXFileReference; lastKnownFileType = file.storyboard; name = Base; path = Base.lproj/Main.storyboard; sourceTree = "<group>"; };
		67A6FD4722C46972009AC9BC /* Assets.xcassets */ = {isa = PBXFileReference; lastKnownFileType = folder.assetcatalog; path = Assets.xcassets; sourceTree = "<group>"; };
		67A6FD4A22C46972009AC9BC /* Base */ = {isa = PBXFileReference; lastKnownFileType = file.storyboard; name = Base; path = Base.lproj/LaunchScreen.storyboard; sourceTree = "<group>"; };
		67A6FD4C22C46972009AC9BC /* Info.plist */ = {isa = PBXFileReference; lastKnownFileType = text.plist.xml; path = Info.plist; sourceTree = "<group>"; };
		67A6FD5422C47B79009AC9BC /* dataCenter.swift */ = {isa = PBXFileReference; lastKnownFileType = sourcecode.swift; path = dataCenter.swift; sourceTree = "<group>"; };
		67A6FD5622C48397009AC9BC /* OpenClassViewController.swift */ = {isa = PBXFileReference; lastKnownFileType = sourcecode.swift; path = OpenClassViewController.swift; sourceTree = "<group>"; };
		67A6FD6C22C4E203009AC9BC /* GoogleService-Info.plist */ = {isa = PBXFileReference; fileEncoding = 4; lastKnownFileType = text.plist.xml; path = "GoogleService-Info.plist"; sourceTree = "<group>"; };
		67A6FD7422C4EEB6009AC9BC /* navigationViewController.swift */ = {isa = PBXFileReference; lastKnownFileType = sourcecode.swift; path = navigationViewController.swift; sourceTree = "<group>"; };
		67A6FD7A22C4F1AE009AC9BC /* StudentInfoViewController.swift */ = {isa = PBXFileReference; lastKnownFileType = sourcecode.swift; path = StudentInfoViewController.swift; sourceTree = "<group>"; };
		67A6FD7C22C4F1F0009AC9BC /* AttendanceViewController.swift */ = {isa = PBXFileReference; lastKnownFileType = sourcecode.swift; path = AttendanceViewController.swift; sourceTree = "<group>"; };
		67A6FD7E22C4F20C009AC9BC /* AttendanceTableViewController.swift */ = {isa = PBXFileReference; lastKnownFileType = sourcecode.swift; path = AttendanceTableViewController.swift; sourceTree = "<group>"; };
		67A6FD8022C4FF81009AC9BC /* ClassInfoViewController.swift */ = {isa = PBXFileReference; lastKnownFileType = sourcecode.swift; path = ClassInfoViewController.swift; sourceTree = "<group>"; };
		915EE519B1ACA5E9EED58D48 /* Pods_Nepp_Students.framework */ = {isa = PBXFileReference; explicitFileType = wrapper.framework; includeInIndex = 0; path = Pods_Nepp_Students.framework; sourceTree = BUILT_PRODUCTS_DIR; };
		C54ED692DB99779CFA57EA5D /* Pods-Nepp_Students.debug.xcconfig */ = {isa = PBXFileReference; includeInIndex = 1; lastKnownFileType = text.xcconfig; name = "Pods-Nepp_Students.debug.xcconfig"; path = "Pods/Target Support Files/Pods-Nepp_Students/Pods-Nepp_Students.debug.xcconfig"; sourceTree = "<group>"; };
/* End PBXFileReference section */

/* Begin PBXFrameworksBuildPhase section */
		67A6FD3A22C4696E009AC9BC /* Frameworks */ = {
			isa = PBXFrameworksBuildPhase;
			buildActionMask = 2147483647;
			files = (
				B1032A5BD393735F9BD88D22 /* Pods_Nepp_Students.framework in Frameworks */,
			);
			runOnlyForDeploymentPostprocessing = 0;
		};
/* End PBXFrameworksBuildPhase section */

/* Begin PBXGroup section */
		26D5862D5E61DC3FB1FA753C /* Pods */ = {
			isa = PBXGroup;
			children = (
				C54ED692DB99779CFA57EA5D /* Pods-Nepp_Students.debug.xcconfig */,
				1A2BC4D2D39D7EF6CD543691 /* Pods-Nepp_Students.release.xcconfig */,
			);
			name = Pods;
			sourceTree = "<group>";
		};
		55A9E8524B1DFE1189845ACC /* Frameworks */ = {
			isa = PBXGroup;
			children = (
				915EE519B1ACA5E9EED58D48 /* Pods_Nepp_Students.framework */,
			);
			name = Frameworks;
			sourceTree = "<group>";
		};
		67A6FD3422C4696E009AC9BC = {
			isa = PBXGroup;
			children = (
				67A6FD3F22C4696E009AC9BC /* Nepp_Students */,
				67A6FD3E22C4696E009AC9BC /* Products */,
				26D5862D5E61DC3FB1FA753C /* Pods */,
				55A9E8524B1DFE1189845ACC /* Frameworks */,
				67A6FD7122C4EC89009AC9BC /* Recovered References */,
			);
			sourceTree = "<group>";
		};
		67A6FD3E22C4696E009AC9BC /* Products */ = {
			isa = PBXGroup;
			children = (
				67A6FD3D22C4696E009AC9BC /* Nepp_Students.app */,
			);
			name = Products;
			sourceTree = "<group>";
		};
		67A6FD3F22C4696E009AC9BC /* Nepp_Students */ = {
			isa = PBXGroup;
			children = (
				67A6FD5422C47B79009AC9BC /* dataCenter.swift */,
				67A6FD4022C4696E009AC9BC /* AppDelegate.swift */,
				67A6FD4222C4696E009AC9BC /* LoginViewController.swift */,
				67A6FD7422C4EEB6009AC9BC /* navigationViewController.swift */,
				67A6FD5622C48397009AC9BC /* OpenClassViewController.swift */,
				67A6FD8022C4FF81009AC9BC /* ClassInfoViewController.swift */,
				67A6FD7C22C4F1F0009AC9BC /* AttendanceViewController.swift */,
				67A6FD7E22C4F20C009AC9BC /* AttendanceTableViewController.swift */,
				67A6FD7A22C4F1AE009AC9BC /* StudentInfoViewController.swift */,
				67A6FD4422C4696E009AC9BC /* Main.storyboard */,
				67A6FD4722C46972009AC9BC /* Assets.xcassets */,
				67A6FD4922C46972009AC9BC /* LaunchScreen.storyboard */,
				67A6FD4C22C46972009AC9BC /* Info.plist */,
			);
			path = Nepp_Students;
			sourceTree = "<group>";
		};
		67A6FD7122C4EC89009AC9BC /* Recovered References */ = {
			isa = PBXGroup;
			children = (
				67A6FD6C22C4E203009AC9BC /* GoogleService-Info.plist */,
			);
			name = "Recovered References";
			sourceTree = "<group>";
		};
/* End PBXGroup section */

/* Begin PBXNativeTarget section */
		67A6FD3C22C4696E009AC9BC /* Nepp_Students */ = {
			isa = PBXNativeTarget;
			buildConfigurationList = 67A6FD4F22C46972009AC9BC /* Build configuration list for PBXNativeTarget "Nepp_Students" */;
			buildPhases = (
				4CAEC25C029C237BEAD20A8F /* [CP] Check Pods Manifest.lock */,
				67A6FD3922C4696E009AC9BC /* Sources */,
				67A6FD3A22C4696E009AC9BC /* Frameworks */,
				67A6FD3B22C4696E009AC9BC /* Resources */,
				21E8D17EDA94690F00ECC37A /* [CP] Embed Pods Frameworks */,
			);
			buildRules = (
			);
			dependencies = (
			);
			name = Nepp_Students;
			productName = Nepp_Students;
			productReference = 67A6FD3D22C4696E009AC9BC /* Nepp_Students.app */;
			productType = "com.apple.product-type.application";
		};
/* End PBXNativeTarget section */

/* Begin PBXProject section */
		67A6FD3522C4696E009AC9BC /* Project object */ = {
			isa = PBXProject;
			attributes = {
				LastSwiftUpdateCheck = 1020;
				LastUpgradeCheck = 1020;
				ORGANIZATIONNAME = sspog;
				TargetAttributes = {
					67A6FD3C22C4696E009AC9BC = {
						CreatedOnToolsVersion = 10.2.1;
					};
				};
			};
			buildConfigurationList = 67A6FD3822C4696E009AC9BC /* Build configuration list for PBXProject "Nepp_Students" */;
			compatibilityVersion = "Xcode 9.3";
			developmentRegion = en;
			hasScannedForEncodings = 0;
			knownRegions = (
				en,
				Base,
			);
			mainGroup = 67A6FD3422C4696E009AC9BC;
			productRefGroup = 67A6FD3E22C4696E009AC9BC /* Products */;
			projectDirPath = "";
			projectRoot = "";
			targets = (
				67A6FD3C22C4696E009AC9BC /* Nepp_Students */,
			);
		};
/* End PBXProject section */

/* Begin PBXResourcesBuildPhase section */
		67A6FD3B22C4696E009AC9BC /* Resources */ = {
			isa = PBXResourcesBuildPhase;
			buildActionMask = 2147483647;
			files = (
				67A6FD4B22C46972009AC9BC /* LaunchScreen.storyboard in Resources */,
				67A6FD4822C46972009AC9BC /* Assets.xcassets in Resources */,
				67A6FD4622C4696E009AC9BC /* Main.storyboard in Resources */,
			);
			runOnlyForDeploymentPostprocessing = 0;
		};
/* End PBXResourcesBuildPhase section */

/* Begin PBXShellScriptBuildPhase section */
		21E8D17EDA94690F00ECC37A /* [CP] Embed Pods Frameworks */ = {
			isa = PBXShellScriptBuildPhase;
			buildActionMask = 2147483647;
			files = (
			);
			inputPaths = (
				"${SRCROOT}/Pods/Target Support Files/Pods-Nepp_Students/Pods-Nepp_Students-frameworks.sh",
				"${BUILT_PRODUCTS_DIR}/GoogleUtilities/GoogleUtilities.framework",
				"${BUILT_PRODUCTS_DIR}/leveldb-library/leveldb.framework",
				"${BUILT_PRODUCTS_DIR}/nanopb/nanopb.framework",
			);
			name = "[CP] Embed Pods Frameworks";
			outputPaths = (
				"${TARGET_BUILD_DIR}/${FRAMEWORKS_FOLDER_PATH}/GoogleUtilities.framework",
				"${TARGET_BUILD_DIR}/${FRAMEWORKS_FOLDER_PATH}/leveldb.framework",
				"${TARGET_BUILD_DIR}/${FRAMEWORKS_FOLDER_PATH}/nanopb.framework",
			);
			runOnlyForDeploymentPostprocessing = 0;
			shellPath = /bin/sh;
			shellScript = "\"${SRCROOT}/Pods/Target Support Files/Pods-Nepp_Students/Pods-Nepp_Students-frameworks.sh\"\n";
			showEnvVarsInLog = 0;
		};
		4CAEC25C029C237BEAD20A8F /* [CP] Check Pods Manifest.lock */ = {
			isa = PBXShellScriptBuildPhase;
			buildActionMask = 2147483647;
			files = (
			);
			inputPaths = (
				"${PODS_PODFILE_DIR_PATH}/Podfile.lock",
				"${PODS_ROOT}/Manifest.lock",
			);
			name = "[CP] Check Pods Manifest.lock";
			outputPaths = (
				"$(DERIVED_FILE_DIR)/Pods-Nepp_Students-checkManifestLockResult.txt",
			);
			runOnlyForDeploymentPostprocessing = 0;
			shellPath = /bin/sh;
			shellScript = "diff \"${PODS_PODFILE_DIR_PATH}/Podfile.lock\" \"${PODS_ROOT}/Manifest.lock\" > /dev/null\nif [ $? != 0 ] ; then\n    # print error to STDERR\n    echo \"error: The sandbox is not in sync with the Podfile.lock. Run 'pod install' or update your CocoaPods installation.\" >&2\n    exit 1\nfi\n# This output is used by Xcode 'outputs' to avoid re-running this script phase.\necho \"SUCCESS\" > \"${SCRIPT_OUTPUT_FILE_0}\"\n";
			showEnvVarsInLog = 0;
		};
/* End PBXShellScriptBuildPhase section */

/* Begin PBXSourcesBuildPhase section */
		67A6FD3922C4696E009AC9BC /* Sources */ = {
			isa = PBXSourcesBuildPhase;
			buildActionMask = 2147483647;
			files = (
				67A6FD7522C4EEB6009AC9BC /* navigationViewController.swift in Sources */,
				67A6FD4322C4696E009AC9BC /* LoginViewController.swift in Sources */,
				67A6FD8122C4FF81009AC9BC /* ClassInfoViewController.swift in Sources */,
				67A6FD4122C4696E009AC9BC /* AppDelegate.swift in Sources */,
				67A6FD7F22C4F20C009AC9BC /* AttendanceTableViewController.swift in Sources */,
				67A6FD5522C47B79009AC9BC /* dataCenter.swift in Sources */,
				67A6FD5722C48397009AC9BC /* OpenClassViewController.swift in Sources */,
				67A6FD7B22C4F1AE009AC9BC /* StudentInfoViewController.swift in Sources */,
				67A6FD7D22C4F1F0009AC9BC /* AttendanceViewController.swift in Sources */,
			);
			runOnlyForDeploymentPostprocessing = 0;
		};
/* End PBXSourcesBuildPhase section */

/* Begin PBXVariantGroup section */
		67A6FD4422C4696E009AC9BC /* Main.storyboard */ = {
			isa = PBXVariantGroup;
			children = (
				67A6FD4522C4696E009AC9BC /* Base */,
			);
			name = Main.storyboard;
			sourceTree = "<group>";
		};
		67A6FD4922C46972009AC9BC /* LaunchScreen.storyboard */ = {
			isa = PBXVariantGroup;
			children = (
				67A6FD4A22C46972009AC9BC /* Base */,
			);
			name = LaunchScreen.storyboard;
			sourceTree = "<group>";
		};
/* End PBXVariantGroup section */

/* Begin XCBuildConfiguration section */
		67A6FD4D22C46972009AC9BC /* Debug */ = {
			isa = XCBuildConfiguration;
			buildSettings = {
				ALWAYS_SEARCH_USER_PATHS = NO;
				CLANG_ANALYZER_NONNULL = YES;
				CLANG_ANALYZER_NUMBER_OBJECT_CONVERSION = YES_AGGRESSIVE;
				CLANG_CXX_LANGUAGE_STANDARD = "gnu++14";
				CLANG_CXX_LIBRARY = "libc++";
				CLANG_ENABLE_MODULES = YES;
				CLANG_ENABLE_OBJC_ARC = YES;
				CLANG_ENABLE_OBJC_WEAK = YES;
				CLANG_WARN_BLOCK_CAPTURE_AUTORELEASING = YES;
				CLANG_WARN_BOOL_CONVERSION = YES;
				CLANG_WARN_COMMA = YES;
				CLANG_WARN_CONSTANT_CONVERSION = YES;
				CLANG_WARN_DEPRECATED_OBJC_IMPLEMENTATIONS = YES;
				CLANG_WARN_DIRECT_OBJC_ISA_USAGE = YES_ERROR;
				CLANG_WARN_DOCUMENTATION_COMMENTS = YES;
				CLANG_WARN_EMPTY_BODY = YES;
				CLANG_WARN_ENUM_CONVERSION = YES;
				CLANG_WARN_INFINITE_RECURSION = YES;
				CLANG_WARN_INT_CONVERSION = YES;
				CLANG_WARN_NON_LITERAL_NULL_CONVERSION = YES;
				CLANG_WARN_OBJC_IMPLICIT_RETAIN_SELF = YES;
				CLANG_WARN_OBJC_LITERAL_CONVERSION = YES;
				CLANG_WARN_OBJC_ROOT_CLASS = YES_ERROR;
				CLANG_WARN_RANGE_LOOP_ANALYSIS = YES;
				CLANG_WARN_STRICT_PROTOTYPES = YES;
				CLANG_WARN_SUSPICIOUS_MOVE = YES;
				CLANG_WARN_UNGUARDED_AVAILABILITY = YES_AGGRESSIVE;
				CLANG_WARN_UNREACHABLE_CODE = YES;
				CLANG_WARN__DUPLICATE_METHOD_MATCH = YES;
				CODE_SIGN_IDENTITY = "iPhone Developer";
				COPY_PHASE_STRIP = NO;
				DEBUG_INFORMATION_FORMAT = dwarf;
				ENABLE_STRICT_OBJC_MSGSEND = YES;
				ENABLE_TESTABILITY = YES;
				GCC_C_LANGUAGE_STANDARD = gnu11;
				GCC_DYNAMIC_NO_PIC = NO;
				GCC_NO_COMMON_BLOCKS = YES;
				GCC_OPTIMIZATION_LEVEL = 0;
				GCC_PREPROCESSOR_DEFINITIONS = (
					"DEBUG=1",
					"$(inherited)",
				);
				GCC_WARN_64_TO_32_BIT_CONVERSION = YES;
				GCC_WARN_ABOUT_RETURN_TYPE = YES_ERROR;
				GCC_WARN_UNDECLARED_SELECTOR = YES;
				GCC_WARN_UNINITIALIZED_AUTOS = YES_AGGRESSIVE;
				GCC_WARN_UNUSED_FUNCTION = YES;
				GCC_WARN_UNUSED_VARIABLE = YES;
				IPHONEOS_DEPLOYMENT_TARGET = 12.2;
				MTL_ENABLE_DEBUG_INFO = INCLUDE_SOURCE;
				MTL_FAST_MATH = YES;
				ONLY_ACTIVE_ARCH = YES;
				SDKROOT = iphoneos;
				SWIFT_ACTIVE_COMPILATION_CONDITIONS = DEBUG;
				SWIFT_OPTIMIZATION_LEVEL = "-Onone";
			};
			name = Debug;
		};
		67A6FD4E22C46972009AC9BC /* Release */ = {
			isa = XCBuildConfiguration;
			buildSettings = {
				ALWAYS_SEARCH_USER_PATHS = NO;
				CLANG_ANALYZER_NONNULL = YES;
				CLANG_ANALYZER_NUMBER_OBJECT_CONVERSION = YES_AGGRESSIVE;
				CLANG_CXX_LANGUAGE_STANDARD = "gnu++14";
				CLANG_CXX_LIBRARY = "libc++";
				CLANG_ENABLE_MODULES = YES;
				CLANG_ENABLE_OBJC_ARC = YES;
				CLANG_ENABLE_OBJC_WEAK = YES;
				CLANG_WARN_BLOCK_CAPTURE_AUTORELEASING = YES;
				CLANG_WARN_BOOL_CONVERSION = YES;
				CLANG_WARN_COMMA = YES;
				CLANG_WARN_CONSTANT_CONVERSION = YES;
				CLANG_WARN_DEPRECATED_OBJC_IMPLEMENTATIONS = YES;
				CLANG_WARN_DIRECT_OBJC_ISA_USAGE = YES_ERROR;
				CLANG_WARN_DOCUMENTATION_COMMENTS = YES;
				CLANG_WARN_EMPTY_BODY = YES;
				CLANG_WARN_ENUM_CONVERSION = YES;
				CLANG_WARN_INFINITE_RECURSION = YES;
				CLANG_WARN_INT_CONVERSION = YES;
				CLANG_WARN_NON_LITERAL_NULL_CONVERSION = YES;
				CLANG_WARN_OBJC_IMPLICIT_RETAIN_SELF = YES;
				CLANG_WARN_OBJC_LITERAL_CONVERSION = YES;
				CLANG_WARN_OBJC_ROOT_CLASS = YES_ERROR;
				CLANG_WARN_RANGE_LOOP_ANALYSIS = YES;
				CLANG_WARN_STRICT_PROTOTYPES = YES;
				CLANG_WARN_SUSPICIOUS_MOVE = YES;
				CLANG_WARN_UNGUARDED_AVAILABILITY = YES_AGGRESSIVE;
				CLANG_WARN_UNREACHABLE_CODE = YES;
				CLANG_WARN__DUPLICATE_METHOD_MATCH = YES;
				CODE_SIGN_IDENTITY = "iPhone Developer";
				COPY_PHASE_STRIP = NO;
				DEBUG_INFORMATION_FORMAT = "dwarf-with-dsym";
				ENABLE_NS_ASSERTIONS = NO;
				ENABLE_STRICT_OBJC_MSGSEND = YES;
				GCC_C_LANGUAGE_STANDARD = gnu11;
				GCC_NO_COMMON_BLOCKS = YES;
				GCC_WARN_64_TO_32_BIT_CONVERSION = YES;
				GCC_WARN_ABOUT_RETURN_TYPE = YES_ERROR;
				GCC_WARN_UNDECLARED_SELECTOR = YES;
				GCC_WARN_UNINITIALIZED_AUTOS = YES_AGGRESSIVE;
				GCC_WARN_UNUSED_FUNCTION = YES;
				GCC_WARN_UNUSED_VARIABLE = YES;
				IPHONEOS_DEPLOYMENT_TARGET = 12.2;
				MTL_ENABLE_DEBUG_INFO = NO;
				MTL_FAST_MATH = YES;
				SDKROOT = iphoneos;
				SWIFT_COMPILATION_MODE = wholemodule;
				SWIFT_OPTIMIZATION_LEVEL = "-O";
				VALIDATE_PRODUCT = YES;
			};
			name = Release;
		};
		67A6FD5022C46972009AC9BC /* Debug */ = {
			isa = XCBuildConfiguration;
			baseConfigurationReference = C54ED692DB99779CFA57EA5D /* Pods-Nepp_Students.debug.xcconfig */;
			buildSettings = {
				ASSETCATALOG_COMPILER_APPICON_NAME = AppIcon;
				CODE_SIGN_STYLE = Automatic;
				DEVELOPMENT_TEAM = MGKT2GH968;
				INFOPLIST_FILE = Nepp_Students/Info.plist;
				LD_RUNPATH_SEARCH_PATHS = (
					"$(inherited)",
					"@executable_path/Frameworks",
				);
				PRODUCT_BUNDLE_IDENTIFIER = "com.sspog.Nepp-Students";
				PRODUCT_NAME = "$(TARGET_NAME)";
				SWIFT_VERSION = 5.0;
				TARGETED_DEVICE_FAMILY = "1,2";
			};
			name = Debug;
		};
		67A6FD5122C46972009AC9BC /* Release */ = {
			isa = XCBuildConfiguration;
			baseConfigurationReference = 1A2BC4D2D39D7EF6CD543691 /* Pods-Nepp_Students.release.xcconfig */;
			buildSettings = {
				ASSETCATALOG_COMPILER_APPICON_NAME = AppIcon;
				CODE_SIGN_STYLE = Automatic;
				DEVELOPMENT_TEAM = MGKT2GH968;
				INFOPLIST_FILE = Nepp_Students/Info.plist;
				LD_RUNPATH_SEARCH_PATHS = (
					"$(inherited)",
					"@executable_path/Frameworks",
				);
				PRODUCT_BUNDLE_IDENTIFIER = "com.sspog.Nepp-Students";
				PRODUCT_NAME = "$(TARGET_NAME)";
				SWIFT_VERSION = 5.0;
				TARGETED_DEVICE_FAMILY = "1,2";
			};
			name = Release;
		};
/* End XCBuildConfiguration section */

/* Begin XCConfigurationList section */
		67A6FD3822C4696E009AC9BC /* Build configuration list for PBXProject "Nepp_Students" */ = {
			isa = XCConfigurationList;
			buildConfigurations = (
				67A6FD4D22C46972009AC9BC /* Debug */,
				67A6FD4E22C46972009AC9BC /* Release */,
			);
			defaultConfigurationIsVisible = 0;
			defaultConfigurationName = Release;
		};
		67A6FD4F22C46972009AC9BC /* Build configuration list for PBXNativeTarget "Nepp_Students" */ = {
			isa = XCConfigurationList;
			buildConfigurations = (
				67A6FD5022C46972009AC9BC /* Debug */,
				67A6FD5122C46972009AC9BC /* Release */,
			);
			defaultConfigurationIsVisible = 0;
			defaultConfigurationName = Release;
		};
/* End XCConfigurationList section */
	};
	rootObject = 67A6FD3522C4696E009AC9BC /* Project object */;
}
